
Microsoft Visual Studio Solution File, Format Version 12.00
# Visual Studio Version 17
VisualStudioVersion = 17.0.32112.339
MinimumVisualStudioVersion = 10.0.40219.1
Project("{FAE04EC0-301F-11D3-BF4B-00C04F79EFBC}") = "Tech Assignment T2 - Basic Console App", "Tech Assignment T2 - Basic Console App.csproj", "{678B7A2F-27BF-4AEB-A5C3-F8D0CA9F68A6}"
EndProject
Global
	GlobalSection(SolutionConfigurationPlatforms) = preSolution
		Debug|Any CPU = Debug|Any CPU
		Release|Any CPU = Release|Any CPU
	EndGlobalSection
	GlobalSection(ProjectConfigurationPlatforms) = postSolution
		{678B7A2F-27BF-4AEB-A5C3-F8D0CA9F68A6}.Debug|Any CPU.ActiveCfg = Debug|Any CPU
		{678B7A2F-27BF-4AEB-A5C3-F8D0CA9F68A6}.Debug|Any CPU.Build.0 = Debug|Any CPU
		{678B7A2F-27BF-4AEB-A5C3-F8D0CA9F68A6}.Release|Any CPU.ActiveCfg = Release|Any CPU
		{678B7A2F-27BF-4AEB-A5C3-F8D0CA9F68A6}.Release|Any CPU.Build.0 = Release|Any CPU
	EndGlobalSection
	GlobalSection(SolutionProperties) = preSolution
		HideSolutionNode = FALSE
	EndGlobalSection
	GlobalSection(ExtensibilityGlobals) = postSolution
		SolutionGuid = {E3E5389A-D9C1-48F6-9358-AE7F6E9B0B8E}
	EndGlobalSection
EndGlobal
